
Microsoft Visual Studio Solution File, Format Version 12.00
# Visual Studio 14
VisualStudioVersion = 14.0.23107.0
MinimumVisualStudioVersion = 10.0.40219.1
Project("{2150E333-8FDC-42A3-9474-1A3956D46DE8}") = "App2", "App2", "{F06EB75C-9746-4660-8CB0-32922A97ED71}"
EndProject
Project("{D954291E-2A0B-460D-934E-DC6B0785DB48}") = "App2.Shared", "App2\App2.Shared\App2.Shared.shproj", "{7CE14247-1391-4EA1-AB6D-24C6F531F623}"
EndProject
Project("{FAE04EC0-301F-11D3-BF4B-00C04F79EFBC}") = "App2.Windows", "App2\App2.Windows\App2.Windows.csproj", "{6362CEF6-BD05-433C-9317-BEEBECAE3129}"
EndProject
Project("{FAE04EC0-301F-11D3-BF4B-00C04F79EFBC}") = "App2.WindowsPhone", "App2\App2.WindowsPhone\App2.WindowsPhone.csproj", "{2A4A4585-3113-4BF3-AE12-FC07E756F237}"
EndProject
Global
	GlobalSection(SharedMSBuildProjectFiles) = preSolution
		App2\App2.Shared\App2.Shared.projitems*{2a4a4585-3113-4bf3-ae12-fc07e756f237}*SharedItemsImports = 4
		App2\App2.Shared\App2.Shared.projitems*{7ce14247-1391-4ea1-ab6d-24c6f531f623}*SharedItemsImports = 13
		App2\App2.Shared\App2.Shared.projitems*{6362cef6-bd05-433c-9317-beebecae3129}*SharedItemsImports = 4
	EndGlobalSection
	GlobalSection(SolutionConfigurationPlatforms) = preSolution
		Debug|Any CPU = Debug|Any CPU
		Debug|ARM = Debug|ARM
		Debug|x64 = Debug|x64
		Debug|x86 = Debug|x86
		Release|Any CPU = Release|Any CPU
		Release|ARM = Release|ARM
		Release|x64 = Release|x64
		Release|x86 = Release|x86
	EndGlobalSection
	GlobalSection(ProjectConfigurationPlatforms) = postSolution
		{6362CEF6-BD05-433C-9317-BEEBECAE3129}.Debug|Any CPU.ActiveCfg = Debug|Any CPU
		{6362CEF6-BD05-433C-9317-BEEBECAE3129}.Debug|Any CPU.Build.0 = Debug|Any CPU
		{6362CEF6-BD05-433C-9317-BEEBECAE3129}.Debug|Any CPU.Deploy.0 = Debug|Any CPU
		{6362CEF6-BD05-433C-9317-BEEBECAE3129}.Debug|ARM.ActiveCfg = Debug|ARM
		{6362CEF6-BD05-433C-9317-BEEBECAE3129}.Debug|ARM.Build.0 = Debug|ARM
		{6362CEF6-BD05-433C-9317-BEEBECAE3129}.Debug|ARM.Deploy.0 = Debug|ARM
		{6362CEF6-BD05-433C-9317-BEEBECAE3129}.Debug|x64.ActiveCfg = Debug|x64
		{6362CEF6-BD05-433C-9317-BEEBECAE3129}.Debug|x64.Build.0 = Debug|x64
		{6362CEF6-BD05-433C-9317-BEEBECAE3129}.Debug|x64.Deploy.0 = Debug|x64
		{6362CEF6-BD05-433C-9317-BEEBECAE3129}.Debug|x86.ActiveCfg = Debug|x86
		{6362CEF6-BD05-433C-9317-BEEBECAE3129}.Debug|x86.Build.0 = Debug|x86
		{6362CEF6-BD05-433C-9317-BEEBECAE3129}.Debug|x86.Deploy.0 = Debug|x86
		{6362CEF6-BD05-433C-9317-BEEBECAE3129}.Release|Any CPU.ActiveCfg = Release|Any CPU
		{6362CEF6-BD05-433C-9317-BEEBECAE3129}.Release|Any CPU.Build.0 = Release|Any CPU
		{6362CEF6-BD05-433C-9317-BEEBECAE3129}.Release|Any CPU.Deploy.0 = Release|Any CPU
		{6362CEF6-BD05-433C-9317-BEEBECAE3129}.Release|ARM.ActiveCfg = Release|ARM
		{6362CEF6-BD05-433C-9317-BEEBECAE3129}.Release|ARM.Build.0 = Release|ARM
		{6362CEF6-BD05-433C-9317-BEEBECAE3129}.Release|ARM.Deploy.0 = Release|ARM
		{6362CEF6-BD05-433C-9317-BEEBECAE3129}.Release|x64.ActiveCfg = Release|x64
		{6362CEF6-BD05-433C-9317-BEEBECAE3129}.Release|x64.Build.0 = Release|x64
		{6362CEF6-BD05-433C-9317-BEEBECAE3129}.Release|x64.Deploy.0 = Release|x64
		{6362CEF6-BD05-433C-9317-BEEBECAE3129}.Release|x86.ActiveCfg = Release|x86
		{6362CEF6-BD05-433C-9317-BEEBECAE3129}.Release|x86.Build.0 = Release|x86
		{6362CEF6-BD05-433C-9317-BEEBECAE3129}.Release|x86.Deploy.0 = Release|x86
		{2A4A4585-3113-4BF3-AE12-FC07E756F237}.Debug|Any CPU.ActiveCfg = Debug|Any CPU
		{2A4A4585-3113-4BF3-AE12-FC07E756F237}.Debug|Any CPU.Build.0 = Debug|Any CPU
		{2A4A4585-3113-4BF3-AE12-FC07E756F237}.Debug|Any CPU.Deploy.0 = Debug|Any CPU
		{2A4A4585-3113-4BF3-AE12-FC07E756F237}.Debug|ARM.ActiveCfg = Debug|ARM
		{2A4A4585-3113-4BF3-AE12-FC07E756F237}.Debug|ARM.Build.0 = Debug|ARM
		{2A4A4585-3113-4BF3-AE12-FC07E756F237}.Debug|ARM.Deploy.0 = Debug|ARM
		{2A4A4585-3113-4BF3-AE12-FC07E756F237}.Debug|x64.ActiveCfg = Debug|Any CPU
		{2A4A4585-3113-4BF3-AE12-FC07E756F237}.Debug|x64.Build.0 = Debug|Any CPU
		{2A4A4585-3113-4BF3-AE12-FC07E756F237}.Debug|x64.Deploy.0 = Debug|Any CPU
		{2A4A4585-3113-4BF3-AE12-FC07E756F237}.Debug|x86.ActiveCfg = Debug|x86
		{2A4A4585-3113-4BF3-AE12-FC07E756F237}.Debug|x86.Build.0 = Debug|x86
		{2A4A4585-3113-4BF3-AE12-FC07E756F237}.Debug|x86.Deploy.0 = Debug|x86
		{2A4A4585-3113-4BF3-AE12-FC07E756F237}.Release|Any CPU.ActiveCfg = Release|Any CPU
		{2A4A4585-3113-4BF3-AE12-FC07E756F237}.Release|Any CPU.Build.0 = Release|Any CPU
		{2A4A4585-3113-4BF3-AE12-FC07E756F237}.Release|Any CPU.Deploy.0 = Release|Any CPU
		{2A4A4585-3113-4BF3-AE12-FC07E756F237}.Release|ARM.ActiveCfg = Release|ARM
		{2A4A4585-3113-4BF3-AE12-FC07E756F237}.Release|ARM.Build.0 = Release|ARM
		{2A4A4585-3113-4BF3-AE12-FC07E756F237}.Release|ARM.Deploy.0 = Release|ARM
		{2A4A4585-3113-4BF3-AE12-FC07E756F237}.Release|x64.ActiveCfg = Release|Any CPU
		{2A4A4585-3113-4BF3-AE12-FC07E756F237}.Release|x64.Build.0 = Release|Any CPU
		{2A4A4585-3113-4BF3-AE12-FC07E756F237}.Release|x64.Deploy.0 = Release|Any CPU
		{2A4A4585-3113-4BF3-AE12-FC07E756F237}.Release|x86.ActiveCfg = Release|x86
		{2A4A4585-3113-4BF3-AE12-FC07E756F237}.Release|x86.Build.0 = Release|x86
		{2A4A4585-3113-4BF3-AE12-FC07E756F237}.Release|x86.Deploy.0 = Release|x86
	EndGlobalSection
	GlobalSection(SolutionProperties) = preSolution
		HideSolutionNode = FALSE
	EndGlobalSection
	GlobalSection(NestedProjects) = preSolution
		{7CE14247-1391-4EA1-AB6D-24C6F531F623} = {F06EB75C-9746-4660-8CB0-32922A97ED71}
		{6362CEF6-BD05-433C-9317-BEEBECAE3129} = {F06EB75C-9746-4660-8CB0-32922A97ED71}
		{2A4A4585-3113-4BF3-AE12-FC07E756F237} = {F06EB75C-9746-4660-8CB0-32922A97ED71}
	EndGlobalSection
EndGlobal
